{
  "version": 1,
  "dependencies": {
    ".NETFramework,Version=v4.6.1": {
      "Microsoft.AspNet.WebApi.Client": {
        "type": "Direct",
        "requested": "[5.2.9, 5.2.9]",
        "resolved": "5.2.9",
        "contentHash": "cuVhPjjNMSEFpKXweMNBbsG4RUFuuZpFBm8tSyw309U9JEjcnbB6n3EPb4xwgcy9bJ38ctIbv5G8zXUBhlrPWw=="
      },
      "Microsoft.Bcl": {
        "type": "Direct",
        "requested": "[1.1.10, 1.1.10]",
        "resolved": "1.1.10",
        "contentHash": "+tTqoh/M1pyL8El3qLy30EcwnAtyvFoDZJtdG9Cbg/WdFbh4N8kyrq198XHuEL7lnJbeD0DRO8jcX5IIOh05cQ=="
      },
      "Microsoft.Bcl.Build": {
        "type": "Direct",
        "requested": "[1.0.14, 1.0.14]",
        "resolved": "1.0.14",
        "contentHash": "cDLKSvNvRa519hplsbSoYqO69TjdDIhfjtKUM0g20/nVROoWsGav9KCI9HtnGjLmdV1+TcUUDhbotcllibjPEA=="
      },
      "Microsoft.Net.Http": {
        "type": "Direct",
        "requested": "[2.2.29, 2.2.29]",
        "resolved": "2.2.29",
        "contentHash": "fc4CPEewJ30Xgal+fSq1lYIBt582A7eKlAL7O4HXiYAiTp2VTnA4osSvk7T2n8aS4xTCPVJusQk3yKLT0XSpkg=="
      },
      "Newtonsoft.Json": {
        "type": "Direct",
        "requested": "[13.0.2, 13.0.2]",
        "resolved": "13.0.2",
        "contentHash": "R2pZ3B0UjeyHShm9vG+Tu0EBb2lC8b0dFzV9gVn50ofHXh9Smjk6kTn7A/FdAsC8B5cKib1OnGYOXxRBz5XQDg=="
      }
    }
  }
}
